{
  "originHash" : "b17dca911255bd3bd3cdde05364721d3bb19d65711093b9574095346e89cc5c4",
  "pins" : [
    {
      "identity" : "colorkit",
      "kind" : "remoteSourceControl",
      "location" : "https://github.com/Boris-Em/ColorKit.git",
      "state" : {
        "branch" : "master",
        "revision" : "6e4375a6126eac0a29893c607ae318bdbe33310c"
      }
    },
    {
      "identity" : "oggdecoder",
      "kind" : "remoteSourceControl",
      "location" : "https://github.com/arkasas/OggDecoder.git",
      "state" : {
        "branch" : "main",
        "revision" : "65e1465e593d2b0be6ac12256f2866a18d26e211"
      }
    }
  ],
  "version" : 3
}
