// !$*UTF8*$!
{
	archiveVersion = 1;
	classes = {
	};
	objectVersion = 56;
	objects = {

/* Begin PBXBuildFile section */
		E10EE6A02BD1FE7B00022EE7 /* OggDecoder in Frameworks */ = {isa = PBXBuildFile; productRef = E10EE69F2BD1FE7B00022EE7 /* OggDecoder */; };
		E10EE6A22BD258F700022EE7 /* PokemonSpriteView.swift in Sources */ = {isa = PBXBuildFile; fileRef = E10EE6A12BD258F700022EE7 /* PokemonSpriteView.swift */; };
		E1D43A7E2BD147C700DF5ADB /* PokedexProjectApp.swift in Sources */ = {isa = PBXBuildFile; fileRef = E1D43A7D2BD147C700DF5ADB /* PokedexProjectApp.swift */; };
		E1D43A802BD147C700DF5ADB /* EntryView.swift in Sources */ = {isa = PBXBuildFile; fileRef = E1D43A7F2BD147C700DF5ADB /* EntryView.swift */; };
		E1D43A822BD147C800DF5ADB /* Assets.xcassets in Resources */ = {isa = PBXBuildFile; fileRef = E1D43A812BD147C800DF5ADB /* Assets.xcassets */; };
		E1D43A852BD147C800DF5ADB /* Preview Assets.xcassets in Resources */ = {isa = PBXBuildFile; fileRef = E1D43A842BD147C800DF5ADB /* Preview Assets.xcassets */; };
		E1D43A8D2BD1480100DF5ADB /* APIModel.swift in Sources */ = {isa = PBXBuildFile; fileRef = E1D43A8C2BD1480100DF5ADB /* APIModel.swift */; };
		E1D43A912BD1485800DF5ADB /* PokemonDetailView.swift in Sources */ = {isa = PBXBuildFile; fileRef = E1D43A902BD1485800DF5ADB /* PokemonDetailView.swift */; };
		E1D43A942BD1487600DF5ADB /* PokemonDetailViewModel.swift in Sources */ = {isa = PBXBuildFile; fileRef = E1D43A932BD1487600DF5ADB /* PokemonDetailViewModel.swift */; };
		E1D43A972BD1495200DF5ADB /* EntryViewModel.swift in Sources */ = {isa = PBXBuildFile; fileRef = E1D43A962BD1495200DF5ADB /* EntryViewModel.swift */; };
		E1D43A992BD157DE00DF5ADB /* Singletones.swift in Sources */ = {isa = PBXBuildFile; fileRef = E1D43A982BD157DE00DF5ADB /* Singletones.swift */; };
/* End PBXBuildFile section */

/* Begin PBXFileReference section */
		E10EE6A12BD258F700022EE7 /* PokemonSpriteView.swift */ = {isa = PBXFileReference; lastKnownFileType = sourcecode.swift; path = PokemonSpriteView.swift; sourceTree = "<group>"; };
		E1D43A7A2BD147C700DF5ADB /* PokedexProject.app */ = {isa = PBXFileReference; explicitFileType = wrapper.application; includeInIndex = 0; path = PokedexProject.app; sourceTree = BUILT_PRODUCTS_DIR; };
		E1D43A7D2BD147C700DF5ADB /* PokedexProjectApp.swift */ = {isa = PBXFileReference; lastKnownFileType = sourcecode.swift; path = PokedexProjectApp.swift; sourceTree = "<group>"; };
		E1D43A7F2BD147C700DF5ADB /* EntryView.swift */ = {isa = PBXFileReference; lastKnownFileType = sourcecode.swift; path = EntryView.swift; sourceTree = "<group>"; };
		E1D43A812BD147C800DF5ADB /* Assets.xcassets */ = {isa = PBXFileReference; lastKnownFileType = folder.assetcatalog; path = Assets.xcassets; sourceTree = "<group>"; };
		E1D43A842BD147C800DF5ADB /* Preview Assets.xcassets */ = {isa = PBXFileReference; lastKnownFileType = folder.assetcatalog; path = "Preview Assets.xcassets"; sourceTree = "<group>"; };
		E1D43A8C2BD1480100DF5ADB /* APIModel.swift */ = {isa = PBXFileReference; lastKnownFileType = sourcecode.swift; path = APIModel.swift; sourceTree = "<group>"; };
		E1D43A902BD1485800DF5ADB /* PokemonDetailView.swift */ = {isa = PBXFileReference; lastKnownFileType = sourcecode.swift; path = PokemonDetailView.swift; sourceTree = "<group>"; };
		E1D43A932BD1487600DF5ADB /* PokemonDetailViewModel.swift */ = {isa = PBXFileReference; lastKnownFileType = sourcecode.swift; path = PokemonDetailViewModel.swift; sourceTree = "<group>"; };
		E1D43A962BD1495200DF5ADB /* EntryViewModel.swift */ = {isa = PBXFileReference; lastKnownFileType = sourcecode.swift; path = EntryViewModel.swift; sourceTree = "<group>"; };
		E1D43A982BD157DE00DF5ADB /* Singletones.swift */ = {isa = PBXFileReference; lastKnownFileType = sourcecode.swift; path = Singletones.swift; sourceTree = "<group>"; };
/* End PBXFileReference section */

/* Begin PBXFrameworksBuildPhase section */
		E1D43A772BD147C700DF5ADB /* Frameworks */ = {
			isa = PBXFrameworksBuildPhase;
			buildActionMask = 2147483647;
			files = (
				E10EE6A02BD1FE7B00022EE7 /* OggDecoder in Frameworks */,
			);
			runOnlyForDeploymentPostprocessing = 0;
		};
/* End PBXFrameworksBuildPhase section */

/* Begin PBXGroup section */
		E1D43A712BD147C700DF5ADB = {
			isa = PBXGroup;
			children = (
				E1D43A7C2BD147C700DF5ADB /* PokedexProject */,
				E1D43A7B2BD147C700DF5ADB /* Products */,
			);
			sourceTree = "<group>";
		};
		E1D43A7B2BD147C700DF5ADB /* Products */ = {
			isa = PBXGroup;
			children = (
				E1D43A7A2BD147C700DF5ADB /* PokedexProject.app */,
			);
			name = Products;
			sourceTree = "<group>";
		};
		E1D43A7C2BD147C700DF5ADB /* PokedexProject */ = {
			isa = PBXGroup;
			children = (
				E1D43A8E2BD1481400DF5ADB /* View */,
				E1D43A8B2BD147F300DF5ADB /* Models */,
				E1D43A7D2BD147C700DF5ADB /* PokedexProjectApp.swift */,
				E1D43A982BD157DE00DF5ADB /* Singletones.swift */,
				E1D43A812BD147C800DF5ADB /* Assets.xcassets */,
				E1D43A832BD147C800DF5ADB /* Preview Content */,
			);
			path = PokedexProject;
			sourceTree = "<group>";
		};
		E1D43A832BD147C800DF5ADB /* Preview Content */ = {
			isa = PBXGroup;
			children = (
				E1D43A842BD147C800DF5ADB /* Preview Assets.xcassets */,
			);
			path = "Preview Content";
			sourceTree = "<group>";
		};
		E1D43A8B2BD147F300DF5ADB /* Models */ = {
			isa = PBXGroup;
			children = (
				E1D43A8C2BD1480100DF5ADB /* APIModel.swift */,
			);
			path = Models;
			sourceTree = "<group>";
		};
		E1D43A8E2BD1481400DF5ADB /* View */ = {
			isa = PBXGroup;
			children = (
				E1D43A952BD1493F00DF5ADB /* EntryView */,
				E1D43A8F2BD1484600DF5ADB /* DetailView */,
			);
			path = View;
			sourceTree = "<group>";
		};
		E1D43A8F2BD1484600DF5ADB /* DetailView */ = {
			isa = PBXGroup;
			children = (
				E1D43A932BD1487600DF5ADB /* PokemonDetailViewModel.swift */,
				E10EE6A12BD258F700022EE7 /* PokemonSpriteView.swift */,
				E1D43A902BD1485800DF5ADB /* PokemonDetailView.swift */,
			);
			path = DetailView;
			sourceTree = "<group>";
		};
		E1D43A952BD1493F00DF5ADB /* EntryView */ = {
			isa = PBXGroup;
			children = (
				E1D43A962BD1495200DF5ADB /* EntryViewModel.swift */,
				E1D43A7F2BD147C700DF5ADB /* EntryView.swift */,
			);
			path = EntryView;
			sourceTree = "<group>";
		};
/* End PBXGroup section */

/* Begin PBXNativeTarget section */
		E1D43A792BD147C700DF5ADB /* PokedexProject */ = {
			isa = PBXNativeTarget;
			buildConfigurationList = E1D43A882BD147C800DF5ADB /* Build configuration list for PBXNativeTarget "PokedexProject" */;
			buildPhases = (
				E1D43A762BD147C700DF5ADB /* Sources */,
				E1D43A772BD147C700DF5ADB /* Frameworks */,
				E1D43A782BD147C700DF5ADB /* Resources */,
			);
			buildRules = (
			);
			dependencies = (
			);
			name = PokedexProject;
			packageProductDependencies = (
				E10EE69F2BD1FE7B00022EE7 /* OggDecoder */,
			);
			productName = PokedexProject;
			productReference = E1D43A7A2BD147C700DF5ADB /* PokedexProject.app */;
			productType = "com.apple.product-type.application";
		};
/* End PBXNativeTarget section */

/* Begin PBXProject section */
		E1D43A722BD147C700DF5ADB /* Project object */ = {
			isa = PBXProject;
			attributes = {
				BuildIndependentTargetsInParallel = 1;
				LastSwiftUpdateCheck = 1530;
				LastUpgradeCheck = 1530;
				TargetAttributes = {
					E1D43A792BD147C700DF5ADB = {
						CreatedOnToolsVersion = 15.3;
					};
				};
			};
			buildConfigurationList = E1D43A752BD147C700DF5ADB /* Build configuration list for PBXProject "PokedexProject" */;
			compatibilityVersion = "Xcode 14.0";
			developmentRegion = en;
			hasScannedForEncodings = 0;
			knownRegions = (
				en,
				Base,
			);
			mainGroup = E1D43A712BD147C700DF5ADB;
			packageReferences = (
				E10EE69E2BD1FE7B00022EE7 /* XCRemoteSwiftPackageReference "OggDecoder" */,
			);
			productRefGroup = E1D43A7B2BD147C700DF5ADB /* Products */;
			projectDirPath = "";
			projectRoot = "";
			targets = (
				E1D43A792BD147C700DF5ADB /* PokedexProject */,
			);
		};
/* End PBXProject section */

/* Begin PBXResourcesBuildPhase section */
		E1D43A782BD147C700DF5ADB /* Resources */ = {
			isa = PBXResourcesBuildPhase;
			buildActionMask = 2147483647;
			files = (
				E1D43A852BD147C800DF5ADB /* Preview Assets.xcassets in Resources */,
				E1D43A822BD147C800DF5ADB /* Assets.xcassets in Resources */,
			);
			runOnlyForDeploymentPostprocessing = 0;
		};
/* End PBXResourcesBuildPhase section */

/* Begin PBXSourcesBuildPhase section */
		E1D43A762BD147C700DF5ADB /* Sources */ = {
			isa = PBXSourcesBuildPhase;
			buildActionMask = 2147483647;
			files = (
				E1D43A802BD147C700DF5ADB /* EntryView.swift in Sources */,
				E1D43A912BD1485800DF5ADB /* PokemonDetailView.swift in Sources */,
				E1D43A8D2BD1480100DF5ADB /* APIModel.swift in Sources */,
				E1D43A992BD157DE00DF5ADB /* Singletones.swift in Sources */,
				E1D43A972BD1495200DF5ADB /* EntryViewModel.swift in Sources */,
				E10EE6A22BD258F700022EE7 /* PokemonSpriteView.swift in Sources */,
				E1D43A942BD1487600DF5ADB /* PokemonDetailViewModel.swift in Sources */,
				E1D43A7E2BD147C700DF5ADB /* PokedexProjectApp.swift in Sources */,
			);
			runOnlyForDeploymentPostprocessing = 0;
		};
/* End PBXSourcesBuildPhase section */

/* Begin XCBuildConfiguration section */
		E1D43A862BD147C800DF5ADB /* Debug */ = {
			isa = XCBuildConfiguration;
			buildSettings = {
				ALWAYS_SEARCH_USER_PATHS = NO;
				ASSETCATALOG_COMPILER_GENERATE_SWIFT_ASSET_SYMBOL_EXTENSIONS = YES;
				CLANG_ANALYZER_NONNULL = YES;
				CLANG_ANALYZER_NUMBER_OBJECT_CONVERSION = YES_AGGRESSIVE;
				CLANG_CXX_LANGUAGE_STANDARD = "gnu++20";
				CLANG_ENABLE_MODULES = YES;
				CLANG_ENABLE_OBJC_ARC = YES;
				CLANG_ENABLE_OBJC_WEAK = YES;
				CLANG_WARN_BLOCK_CAPTURE_AUTORELEASING = YES;
				CLANG_WARN_BOOL_CONVERSION = YES;
				CLANG_WARN_COMMA = YES;
				CLANG_WARN_CONSTANT_CONVERSION = YES;
				CLANG_WARN_DEPRECATED_OBJC_IMPLEMENTATIONS = YES;
				CLANG_WARN_DIRECT_OBJC_ISA_USAGE = YES_ERROR;
				CLANG_WARN_DOCUMENTATION_COMMENTS = YES;
				CLANG_WARN_EMPTY_BODY = YES;
				CLANG_WARN_ENUM_CONVERSION = YES;
				CLANG_WARN_INFINITE_RECURSION = YES;
				CLANG_WARN_INT_CONVERSION = YES;
				CLANG_WARN_NON_LITERAL_NULL_CONVERSION = YES;
				CLANG_WARN_OBJC_IMPLICIT_RETAIN_SELF = YES;
				CLANG_WARN_OBJC_LITERAL_CONVERSION = YES;
				CLANG_WARN_OBJC_ROOT_CLASS = YES_ERROR;
				CLANG_WARN_QUOTED_INCLUDE_IN_FRAMEWORK_HEADER = YES;
				CLANG_WARN_RANGE_LOOP_ANALYSIS = YES;
				CLANG_WARN_STRICT_PROTOTYPES = YES;
				CLANG_WARN_SUSPICIOUS_MOVE = YES;
				CLANG_WARN_UNGUARDED_AVAILABILITY = YES_AGGRESSIVE;
				CLANG_WARN_UNREACHABLE_CODE = YES;
				CLANG_WARN__DUPLICATE_METHOD_MATCH = YES;
				COPY_PHASE_STRIP = NO;
				DEBUG_INFORMATION_FORMAT = dwarf;
				ENABLE_STRICT_OBJC_MSGSEND = YES;
				ENABLE_TESTABILITY = YES;
				ENABLE_USER_SCRIPT_SANDBOXING = YES;
				GCC_C_LANGUAGE_STANDARD = gnu17;
				GCC_DYNAMIC_NO_PIC = NO;
				GCC_NO_COMMON_BLOCKS = YES;
				GCC_OPTIMIZATION_LEVEL = 0;
				GCC_PREPROCESSOR_DEFINITIONS = (
					"DEBUG=1",
					"$(inherited)",
				);
				GCC_WARN_64_TO_32_BIT_CONVERSION = YES;
				GCC_WARN_ABOUT_RETURN_TYPE = YES_ERROR;
				GCC_WARN_UNDECLARED_SELECTOR = YES;
				GCC_WARN_UNINITIALIZED_AUTOS = YES_AGGRESSIVE;
				GCC_WARN_UNUSED_FUNCTION = YES;
				GCC_WARN_UNUSED_VARIABLE = YES;
				IPHONEOS_DEPLOYMENT_TARGET = 17.0;
				LOCALIZATION_PREFERS_STRING_CATALOGS = YES;
				MTL_ENABLE_DEBUG_INFO = INCLUDE_SOURCE;
				MTL_FAST_MATH = YES;
				ONLY_ACTIVE_ARCH = YES;
				SDKROOT = iphoneos;
				SWIFT_ACTIVE_COMPILATION_CONDITIONS = "DEBUG $(inherited)";
				SWIFT_OPTIMIZATION_LEVEL = "-Onone";
			};
			name = Debug;
		};
		E1D43A872BD147C800DF5ADB /* Release */ = {
			isa = XCBuildConfiguration;
			buildSettings = {
				ALWAYS_SEARCH_USER_PATHS = NO;
				ASSETCATALOG_COMPILER_GENERATE_SWIFT_ASSET_SYMBOL_EXTENSIONS = YES;
				CLANG_ANALYZER_NONNULL = YES;
				CLANG_ANALYZER_NUMBER_OBJECT_CONVERSION = YES_AGGRESSIVE;
				CLANG_CXX_LANGUAGE_STANDARD = "gnu++20";
				CLANG_ENABLE_MODULES = YES;
				CLANG_ENABLE_OBJC_ARC = YES;
				CLANG_ENABLE_OBJC_WEAK = YES;
				CLANG_WARN_BLOCK_CAPTURE_AUTORELEASING = YES;
				CLANG_WARN_BOOL_CONVERSION = YES;
				CLANG_WARN_COMMA = YES;
				CLANG_WARN_CONSTANT_CONVERSION = YES;
				CLANG_WARN_DEPRECATED_OBJC_IMPLEMENTATIONS = YES;
				CLANG_WARN_DIRECT_OBJC_ISA_USAGE = YES_ERROR;
				CLANG_WARN_DOCUMENTATION_COMMENTS = YES;
				CLANG_WARN_EMPTY_BODY = YES;
				CLANG_WARN_ENUM_CONVERSION = YES;
				CLANG_WARN_INFINITE_RECURSION = YES;
				CLANG_WARN_INT_CONVERSION = YES;
				CLANG_WARN_NON_LITERAL_NULL_CONVERSION = YES;
				CLANG_WARN_OBJC_IMPLICIT_RETAIN_SELF = YES;
				CLANG_WARN_OBJC_LITERAL_CONVERSION = YES;
				CLANG_WARN_OBJC_ROOT_CLASS = YES_ERROR;
				CLANG_WARN_QUOTED_INCLUDE_IN_FRAMEWORK_HEADER = YES;
				CLANG_WARN_RANGE_LOOP_ANALYSIS = YES;
				CLANG_WARN_STRICT_PROTOTYPES = YES;
				CLANG_WARN_SUSPICIOUS_MOVE = YES;
				CLANG_WARN_UNGUARDED_AVAILABILITY = YES_AGGRESSIVE;
				CLANG_WARN_UNREACHABLE_CODE = YES;
				CLANG_WARN__DUPLICATE_METHOD_MATCH = YES;
				COPY_PHASE_STRIP = NO;
				DEBUG_INFORMATION_FORMAT = "dwarf-with-dsym";
				ENABLE_NS_ASSERTIONS = NO;
				ENABLE_STRICT_OBJC_MSGSEND = YES;
				ENABLE_USER_SCRIPT_SANDBOXING = YES;
				GCC_C_LANGUAGE_STANDARD = gnu17;
				GCC_NO_COMMON_BLOCKS = YES;
				GCC_WARN_64_TO_32_BIT_CONVERSION = YES;
				GCC_WARN_ABOUT_RETURN_TYPE = YES_ERROR;
				GCC_WARN_UNDECLARED_SELECTOR = YES;
				GCC_WARN_UNINITIALIZED_AUTOS = YES_AGGRESSIVE;
				GCC_WARN_UNUSED_FUNCTION = YES;
				GCC_WARN_UNUSED_VARIABLE = YES;
				IPHONEOS_DEPLOYMENT_TARGET = 17.0;
				LOCALIZATION_PREFERS_STRING_CATALOGS = YES;
				MTL_ENABLE_DEBUG_INFO = NO;
				MTL_FAST_MATH = YES;
				SDKROOT = iphoneos;
				SWIFT_COMPILATION_MODE = wholemodule;
				VALIDATE_PRODUCT = YES;
			};
			name = Release;
		};
		E1D43A892BD147C800DF5ADB /* Debug */ = {
			isa = XCBuildConfiguration;
			buildSettings = {
				ASSETCATALOG_COMPILER_APPICON_NAME = AppIcon;
				ASSETCATALOG_COMPILER_GLOBAL_ACCENT_COLOR_NAME = AccentColor;
				CODE_SIGN_STYLE = Automatic;
				CURRENT_PROJECT_VERSION = 1;
				DEVELOPMENT_ASSET_PATHS = "\"PokedexProject/Preview Content\"";
				DEVELOPMENT_TEAM = 8AN6CGLLC6;
				ENABLE_PREVIEWS = YES;
				GENERATE_INFOPLIST_FILE = YES;
				INFOPLIST_KEY_LSApplicationCategoryType = "";
				INFOPLIST_KEY_UIApplicationSceneManifest_Generation = YES;
				INFOPLIST_KEY_UIApplicationSupportsIndirectInputEvents = YES;
				INFOPLIST_KEY_UILaunchScreen_Generation = YES;
				INFOPLIST_KEY_UISupportedInterfaceOrientations = UIInterfaceOrientationPortrait;
				INFOPLIST_KEY_UISupportedInterfaceOrientations_iPad = "UIInterfaceOrientationLandscapeLeft UIInterfaceOrientationLandscapeRight UIInterfaceOrientationPortrait UIInterfaceOrientationPortraitUpsideDown";
				IPHONEOS_DEPLOYMENT_TARGET = 17.0;
				LD_RUNPATH_SEARCH_PATHS = (
					"$(inherited)",
					"@executable_path/Frameworks",
				);
				MARKETING_VERSION = 1.0;
				PRODUCT_BUNDLE_IDENTIFIER = com.minyoo.pokeApp.PokedexProject;
				PRODUCT_NAME = "$(TARGET_NAME)";
				SUPPORTED_PLATFORMS = "iphoneos iphonesimulator";
				SUPPORTS_MACCATALYST = NO;
				SUPPORTS_MAC_DESIGNED_FOR_IPHONE_IPAD = NO;
				SUPPORTS_XR_DESIGNED_FOR_IPHONE_IPAD = NO;
				SWIFT_EMIT_LOC_STRINGS = YES;
				SWIFT_VERSION = 5.0;
				TARGETED_DEVICE_FAMILY = 1;
			};
			name = Debug;
		};
		E1D43A8A2BD147C800DF5ADB /* Release */ = {
			isa = XCBuildConfiguration;
			buildSettings = {
				ASSETCATALOG_COMPILER_APPICON_NAME = AppIcon;
				ASSETCATALOG_COMPILER_GLOBAL_ACCENT_COLOR_NAME = AccentColor;
				CODE_SIGN_STYLE = Automatic;
				CURRENT_PROJECT_VERSION = 1;
				DEVELOPMENT_ASSET_PATHS = "\"PokedexProject/Preview Content\"";
				DEVELOPMENT_TEAM = 8AN6CGLLC6;
				ENABLE_PREVIEWS = YES;
				GENERATE_INFOPLIST_FILE = YES;
				INFOPLIST_KEY_LSApplicationCategoryType = "";
				INFOPLIST_KEY_UIApplicationSceneManifest_Generation = YES;
				INFOPLIST_KEY_UIApplicationSupportsIndirectInputEvents = YES;
				INFOPLIST_KEY_UILaunchScreen_Generation = YES;
				INFOPLIST_KEY_UISupportedInterfaceOrientations = UIInterfaceOrientationPortrait;
				INFOPLIST_KEY_UISupportedInterfaceOrientations_iPad = "UIInterfaceOrientationLandscapeLeft UIInterfaceOrientationLandscapeRight UIInterfaceOrientationPortrait UIInterfaceOrientationPortraitUpsideDown";
				IPHONEOS_DEPLOYMENT_TARGET = 17.0;
				LD_RUNPATH_SEARCH_PATHS = (
					"$(inherited)",
					"@executable_path/Frameworks",
				);
				MARKETING_VERSION = 1.0;
				PRODUCT_BUNDLE_IDENTIFIER = com.minyoo.pokeApp.PokedexProject;
				PRODUCT_NAME = "$(TARGET_NAME)";
				SUPPORTED_PLATFORMS = "iphoneos iphonesimulator";
				SUPPORTS_MACCATALYST = NO;
				SUPPORTS_MAC_DESIGNED_FOR_IPHONE_IPAD = NO;
				SUPPORTS_XR_DESIGNED_FOR_IPHONE_IPAD = NO;
				SWIFT_EMIT_LOC_STRINGS = YES;
				SWIFT_VERSION = 5.0;
				TARGETED_DEVICE_FAMILY = 1;
			};
			name = Release;
		};
/* End XCBuildConfiguration section */

/* Begin XCConfigurationList section */
		E1D43A752BD147C700DF5ADB /* Build configuration list for PBXProject "PokedexProject" */ = {
			isa = XCConfigurationList;
			buildConfigurations = (
				E1D43A862BD147C800DF5ADB /* Debug */,
				E1D43A872BD147C800DF5ADB /* Release */,
			);
			defaultConfigurationIsVisible = 0;
			defaultConfigurationName = Release;
		};
		E1D43A882BD147C800DF5ADB /* Build configuration list for PBXNativeTarget "PokedexProject" */ = {
			isa = XCConfigurationList;
			buildConfigurations = (
				E1D43A892BD147C800DF5ADB /* Debug */,
				E1D43A8A2BD147C800DF5ADB /* Release */,
			);
			defaultConfigurationIsVisible = 0;
			defaultConfigurationName = Release;
		};
/* End XCConfigurationList section */

/* Begin XCRemoteSwiftPackageReference section */
		E10EE69E2BD1FE7B00022EE7 /* XCRemoteSwiftPackageReference "OggDecoder" */ = {
			isa = XCRemoteSwiftPackageReference;
			repositoryURL = "https://github.com/arkasas/OggDecoder.git";
			requirement = {
				branch = main;
				kind = branch;
			};
		};
/* End XCRemoteSwiftPackageReference section */

/* Begin XCSwiftPackageProductDependency section */
		E10EE69F2BD1FE7B00022EE7 /* OggDecoder */ = {
			isa = XCSwiftPackageProductDependency;
			package = E10EE69E2BD1FE7B00022EE7 /* XCRemoteSwiftPackageReference "OggDecoder" */;
			productName = OggDecoder;
		};
/* End XCSwiftPackageProductDependency section */
	};
	rootObject = E1D43A722BD147C700DF5ADB /* Project object */;
}
