// !$*UTF8*$!
{
	archiveVersion = 1;
	classes = {
	};
	objectVersion = 56;
	objects = {

/* Begin PBXBuildFile section */
		830D725C2BF3B9CB00D04E1E /* PokemonAPIServiceEnvironmentKey.swift in Sources */ = {isa = PBXBuildFile; fileRef = 830D725B2BF3B9CB00D04E1E /* PokemonAPIServiceEnvironmentKey.swift */; };
		8327344E2BDE0DCC00E48303 /* APIService.swift in Sources */ = {isa = PBXBuildFile; fileRef = 8327344D2BDE0DCC00E48303 /* APIService.swift */; };
		832734502BDE0E0200E48303 /* Requestable.swift in Sources */ = {isa = PBXBuildFile; fileRef = 8327344F2BDE0E0200E48303 /* Requestable.swift */; };
		832734532BDE0E5700E48303 /* MIMEType.swift in Sources */ = {isa = PBXBuildFile; fileRef = 832734522BDE0E5700E48303 /* MIMEType.swift */; };
		832734552BDE0F7000E48303 /* HttpHeader.swift in Sources */ = {isa = PBXBuildFile; fileRef = 832734542BDE0F7000E48303 /* HttpHeader.swift */; };
		832734572BDE109A00E48303 /* HttpMethod.swift in Sources */ = {isa = PBXBuildFile; fileRef = 832734562BDE109A00E48303 /* HttpMethod.swift */; };
		8327345A2BDE125500E48303 /* Responsable.swift in Sources */ = {isa = PBXBuildFile; fileRef = 832734592BDE125500E48303 /* Responsable.swift */; };
		8327345C2BDE139A00E48303 /* HttpError.swift in Sources */ = {isa = PBXBuildFile; fileRef = 8327345B2BDE139A00E48303 /* HttpError.swift */; };
		832734672BDE19A200E48303 /* PokemonAPIService.swift in Sources */ = {isa = PBXBuildFile; fileRef = 832734662BDE19A200E48303 /* PokemonAPIService.swift */; };
		8327346A2BDE1A9900E48303 /* OggDecoder in Frameworks */ = {isa = PBXBuildFile; productRef = 832734692BDE1A9900E48303 /* OggDecoder */; };
		8327346D2BDE1BED00E48303 /* EntryUseCase.swift in Sources */ = {isa = PBXBuildFile; fileRef = 8327346C2BDE1BED00E48303 /* EntryUseCase.swift */; };
		8327346F2BDE1CAB00E48303 /* Endpoint.swift in Sources */ = {isa = PBXBuildFile; fileRef = 8327346E2BDE1CAB00E48303 /* Endpoint.swift */; };
		832734712BDE308E00E48303 /* PokemonDataUseCase.swift in Sources */ = {isa = PBXBuildFile; fileRef = 832734702BDE308E00E48303 /* PokemonDataUseCase.swift */; };
		832734772BDEB6A800E48303 /* PokemonPortraitDispatcher.swift in Sources */ = {isa = PBXBuildFile; fileRef = 832734762BDEB6A800E48303 /* PokemonPortraitDispatcher.swift */; };
		8386645D2BD813DB00DA3D37 /* Locale.swift in Sources */ = {isa = PBXBuildFile; fileRef = 8386645C2BD813DB00DA3D37 /* Locale.swift */; };
		E10EE6A22BD258F700022EE7 /* PokemonSpriteView.swift in Sources */ = {isa = PBXBuildFile; fileRef = E10EE6A12BD258F700022EE7 /* PokemonSpriteView.swift */; };
		E11832292BDE070C00764E55 /* pokemonLocalNames.json in Resources */ = {isa = PBXBuildFile; fileRef = E11832282BDE070C00764E55 /* pokemonLocalNames.json */; };
		E118322B2BDE07CC00764E55 /* PokemonLocalNameModel.swift in Sources */ = {isa = PBXBuildFile; fileRef = E118322A2BDE07CC00764E55 /* PokemonLocalNameModel.swift */; };
		E118322D2BDE2E7600764E55 /* PokemonMoveView.swift in Sources */ = {isa = PBXBuildFile; fileRef = E118322C2BDE2E7600764E55 /* PokemonMoveView.swift */; };
		E15B90212BE654F70037FC7C /* FavoriteView.swift in Sources */ = {isa = PBXBuildFile; fileRef = E15B90202BE654F70037FC7C /* FavoriteView.swift */; };
		E15B90232BE656130037FC7C /* FavoriteModel.swift in Sources */ = {isa = PBXBuildFile; fileRef = E15B90222BE656130037FC7C /* FavoriteModel.swift */; };
		E1666AF32BDFB6BF00D5EEFA /* PokemonDetailFlavorTextView.swift in Sources */ = {isa = PBXBuildFile; fileRef = E1666AF22BDFB6BF00D5EEFA /* PokemonDetailFlavorTextView.swift */; };
		E1666AF52BDFD38600D5EEFA /* PokemonFlavorTextSheetView.swift in Sources */ = {isa = PBXBuildFile; fileRef = E1666AF42BDFD38600D5EEFA /* PokemonFlavorTextSheetView.swift */; };
		E16ACA0D2BD7F70800F9A1BC /* Extensions.swift in Sources */ = {isa = PBXBuildFile; fileRef = E16ACA0C2BD7F70800F9A1BC /* Extensions.swift */; };
		E17DCB712BDBE0D500236BD6 /* MainView.swift in Sources */ = {isa = PBXBuildFile; fileRef = E17DCB702BDBE0D500236BD6 /* MainView.swift */; };
		E17DCB742BDBE5AC00236BD6 /* ExtraViewList.swift in Sources */ = {isa = PBXBuildFile; fileRef = E17DCB732BDBE5AC00236BD6 /* ExtraViewList.swift */; };
		E17DCB762BDBEB9A00236BD6 /* GitHubView.swift in Sources */ = {isa = PBXBuildFile; fileRef = E17DCB752BDBEB9A00236BD6 /* GitHubView.swift */; };
		E1A622232BDD37C90086648D /* SearchView.swift in Sources */ = {isa = PBXBuildFile; fileRef = E1A622222BDD37C90086648D /* SearchView.swift */; };
		E1A622252BDD41E20086648D /* SearchViewCell.swift in Sources */ = {isa = PBXBuildFile; fileRef = E1A622242BDD41E20086648D /* SearchViewCell.swift */; };
		E1A622272BDD44E40086648D /* GlobalFunction.swift in Sources */ = {isa = PBXBuildFile; fileRef = E1A622262BDD44E40086648D /* GlobalFunction.swift */; };
		E1A622292BDD55920086648D /* SearchViewModel.swift in Sources */ = {isa = PBXBuildFile; fileRef = E1A622282BDD55920086648D /* SearchViewModel.swift */; };
		E1A7B3C72BD6468F001D914B /* PokemonMoveModalView.swift in Sources */ = {isa = PBXBuildFile; fileRef = E1A7B3C62BD6468F001D914B /* PokemonMoveModalView.swift */; };
		E1A7B3C92BD67E34001D914B /* PokemonDetailOverviewView.swift in Sources */ = {isa = PBXBuildFile; fileRef = E1A7B3C82BD67E34001D914B /* PokemonDetailOverviewView.swift */; };
		E1BDEB652BD35CA1004E0921 /* PokemonDetailGraphView.swift in Sources */ = {isa = PBXBuildFile; fileRef = E1BDEB642BD35CA1004E0921 /* PokemonDetailGraphView.swift */; };
		E1BDEB672BD3F741004E0921 /* EntryViewCell.swift in Sources */ = {isa = PBXBuildFile; fileRef = E1BDEB662BD3F741004E0921 /* EntryViewCell.swift */; };
		E1BDEB712BD4F185004E0921 /* Silkscreen-Regular.ttf in Resources */ = {isa = PBXBuildFile; fileRef = E1BDEB702BD4F185004E0921 /* Silkscreen-Regular.ttf */; };
		E1BDEB732BD4F5CE004E0921 /* MainGridView.swift in Sources */ = {isa = PBXBuildFile; fileRef = E1BDEB722BD4F5CE004E0921 /* MainGridView.swift */; };
		E1D43A7E2BD147C700DF5ADB /* PokedexProjectApp.swift in Sources */ = {isa = PBXBuildFile; fileRef = E1D43A7D2BD147C700DF5ADB /* PokedexProjectApp.swift */; };
		E1D43A802BD147C700DF5ADB /* EntryView.swift in Sources */ = {isa = PBXBuildFile; fileRef = E1D43A7F2BD147C700DF5ADB /* EntryView.swift */; };
		E1D43A822BD147C800DF5ADB /* Assets.xcassets in Resources */ = {isa = PBXBuildFile; fileRef = E1D43A812BD147C800DF5ADB /* Assets.xcassets */; };
		E1D43A852BD147C800DF5ADB /* Preview Assets.xcassets in Resources */ = {isa = PBXBuildFile; fileRef = E1D43A842BD147C800DF5ADB /* Preview Assets.xcassets */; };
		E1D43A8D2BD1480100DF5ADB /* APIModel.swift in Sources */ = {isa = PBXBuildFile; fileRef = E1D43A8C2BD1480100DF5ADB /* APIModel.swift */; };
		E1D43A912BD1485800DF5ADB /* PokemonDetailView.swift in Sources */ = {isa = PBXBuildFile; fileRef = E1D43A902BD1485800DF5ADB /* PokemonDetailView.swift */; };
		E1D43A942BD1487600DF5ADB /* PokemonDetailViewModel.swift in Sources */ = {isa = PBXBuildFile; fileRef = E1D43A932BD1487600DF5ADB /* PokemonDetailViewModel.swift */; };
		E1D43A972BD1495200DF5ADB /* EntryViewModel.swift in Sources */ = {isa = PBXBuildFile; fileRef = E1D43A962BD1495200DF5ADB /* EntryViewModel.swift */; };
		E1D43A992BD157DE00DF5ADB /* Singletones.swift in Sources */ = {isa = PBXBuildFile; fileRef = E1D43A982BD157DE00DF5ADB /* Singletones.swift */; };
/* End PBXBuildFile section */

/* Begin PBXFileReference section */
		830D725B2BF3B9CB00D04E1E /* PokemonAPIServiceEnvironmentKey.swift */ = {isa = PBXFileReference; lastKnownFileType = sourcecode.swift; path = PokemonAPIServiceEnvironmentKey.swift; sourceTree = "<group>"; };
		8327344D2BDE0DCC00E48303 /* APIService.swift */ = {isa = PBXFileReference; lastKnownFileType = sourcecode.swift; path = APIService.swift; sourceTree = "<group>"; };
		8327344F2BDE0E0200E48303 /* Requestable.swift */ = {isa = PBXFileReference; lastKnownFileType = sourcecode.swift; path = Requestable.swift; sourceTree = "<group>"; };
		832734522BDE0E5700E48303 /* MIMEType.swift */ = {isa = PBXFileReference; lastKnownFileType = sourcecode.swift; path = MIMEType.swift; sourceTree = "<group>"; };
		832734542BDE0F7000E48303 /* HttpHeader.swift */ = {isa = PBXFileReference; lastKnownFileType = sourcecode.swift; path = HttpHeader.swift; sourceTree = "<group>"; };
		832734562BDE109A00E48303 /* HttpMethod.swift */ = {isa = PBXFileReference; lastKnownFileType = sourcecode.swift; path = HttpMethod.swift; sourceTree = "<group>"; };
		832734592BDE125500E48303 /* Responsable.swift */ = {isa = PBXFileReference; lastKnownFileType = sourcecode.swift; path = Responsable.swift; sourceTree = "<group>"; };
		8327345B2BDE139A00E48303 /* HttpError.swift */ = {isa = PBXFileReference; lastKnownFileType = sourcecode.swift; path = HttpError.swift; sourceTree = "<group>"; };
		832734662BDE19A200E48303 /* PokemonAPIService.swift */ = {isa = PBXFileReference; lastKnownFileType = sourcecode.swift; path = PokemonAPIService.swift; sourceTree = "<group>"; };
		8327346C2BDE1BED00E48303 /* EntryUseCase.swift */ = {isa = PBXFileReference; lastKnownFileType = sourcecode.swift; path = EntryUseCase.swift; sourceTree = "<group>"; };
		8327346E2BDE1CAB00E48303 /* Endpoint.swift */ = {isa = PBXFileReference; lastKnownFileType = sourcecode.swift; path = Endpoint.swift; sourceTree = "<group>"; };
		832734702BDE308E00E48303 /* PokemonDataUseCase.swift */ = {isa = PBXFileReference; lastKnownFileType = sourcecode.swift; path = PokemonDataUseCase.swift; sourceTree = "<group>"; };
		832734762BDEB6A800E48303 /* PokemonPortraitDispatcher.swift */ = {isa = PBXFileReference; lastKnownFileType = sourcecode.swift; path = PokemonPortraitDispatcher.swift; sourceTree = "<group>"; };
		8386645C2BD813DB00DA3D37 /* Locale.swift */ = {isa = PBXFileReference; lastKnownFileType = sourcecode.swift; path = Locale.swift; sourceTree = "<group>"; };
		E10EE6A12BD258F700022EE7 /* PokemonSpriteView.swift */ = {isa = PBXFileReference; lastKnownFileType = sourcecode.swift; path = PokemonSpriteView.swift; sourceTree = "<group>"; };
		E11832282BDE070C00764E55 /* pokemonLocalNames.json */ = {isa = PBXFileReference; lastKnownFileType = text.json; path = pokemonLocalNames.json; sourceTree = "<group>"; };
		E118322A2BDE07CC00764E55 /* PokemonLocalNameModel.swift */ = {isa = PBXFileReference; lastKnownFileType = sourcecode.swift; path = PokemonLocalNameModel.swift; sourceTree = "<group>"; };
		E118322C2BDE2E7600764E55 /* PokemonMoveView.swift */ = {isa = PBXFileReference; lastKnownFileType = sourcecode.swift; path = PokemonMoveView.swift; sourceTree = "<group>"; };
		E15B90202BE654F70037FC7C /* FavoriteView.swift */ = {isa = PBXFileReference; lastKnownFileType = sourcecode.swift; path = FavoriteView.swift; sourceTree = "<group>"; };
		E15B90222BE656130037FC7C /* FavoriteModel.swift */ = {isa = PBXFileReference; lastKnownFileType = sourcecode.swift; path = FavoriteModel.swift; sourceTree = "<group>"; };
		E1666AF22BDFB6BF00D5EEFA /* PokemonDetailFlavorTextView.swift */ = {isa = PBXFileReference; lastKnownFileType = sourcecode.swift; path = PokemonDetailFlavorTextView.swift; sourceTree = "<group>"; };
		E1666AF42BDFD38600D5EEFA /* PokemonFlavorTextSheetView.swift */ = {isa = PBXFileReference; lastKnownFileType = sourcecode.swift; path = PokemonFlavorTextSheetView.swift; sourceTree = "<group>"; };
		E16ACA0C2BD7F70800F9A1BC /* Extensions.swift */ = {isa = PBXFileReference; lastKnownFileType = sourcecode.swift; path = Extensions.swift; sourceTree = "<group>"; };
		E16ACA0E2BD7FCD400F9A1BC /* Comments */ = {isa = PBXFileReference; lastKnownFileType = text; path = Comments; sourceTree = "<group>"; };
		E17DCB702BDBE0D500236BD6 /* MainView.swift */ = {isa = PBXFileReference; lastKnownFileType = sourcecode.swift; path = MainView.swift; sourceTree = "<group>"; };
		E17DCB732BDBE5AC00236BD6 /* ExtraViewList.swift */ = {isa = PBXFileReference; lastKnownFileType = sourcecode.swift; path = ExtraViewList.swift; sourceTree = "<group>"; };
		E17DCB752BDBEB9A00236BD6 /* GitHubView.swift */ = {isa = PBXFileReference; lastKnownFileType = sourcecode.swift; path = GitHubView.swift; sourceTree = "<group>"; };
		E1A622222BDD37C90086648D /* SearchView.swift */ = {isa = PBXFileReference; lastKnownFileType = sourcecode.swift; path = SearchView.swift; sourceTree = "<group>"; };
		E1A622242BDD41E20086648D /* SearchViewCell.swift */ = {isa = PBXFileReference; lastKnownFileType = sourcecode.swift; path = SearchViewCell.swift; sourceTree = "<group>"; };
		E1A622262BDD44E40086648D /* GlobalFunction.swift */ = {isa = PBXFileReference; lastKnownFileType = sourcecode.swift; path = GlobalFunction.swift; sourceTree = "<group>"; };
		E1A622282BDD55920086648D /* SearchViewModel.swift */ = {isa = PBXFileReference; lastKnownFileType = sourcecode.swift; path = SearchViewModel.swift; sourceTree = "<group>"; };
		E1A7B3C62BD6468F001D914B /* PokemonMoveModalView.swift */ = {isa = PBXFileReference; lastKnownFileType = sourcecode.swift; path = PokemonMoveModalView.swift; sourceTree = "<group>"; };
		E1A7B3C82BD67E34001D914B /* PokemonDetailOverviewView.swift */ = {isa = PBXFileReference; lastKnownFileType = sourcecode.swift; path = PokemonDetailOverviewView.swift; sourceTree = "<group>"; };
		E1BDEB642BD35CA1004E0921 /* PokemonDetailGraphView.swift */ = {isa = PBXFileReference; lastKnownFileType = sourcecode.swift; path = PokemonDetailGraphView.swift; sourceTree = "<group>"; };
		E1BDEB662BD3F741004E0921 /* EntryViewCell.swift */ = {isa = PBXFileReference; lastKnownFileType = sourcecode.swift; path = EntryViewCell.swift; sourceTree = "<group>"; };
		E1BDEB6E2BD4EE44004E0921 /* Info.plist */ = {isa = PBXFileReference; lastKnownFileType = text.plist; path = Info.plist; sourceTree = "<group>"; };
		E1BDEB702BD4F185004E0921 /* Silkscreen-Regular.ttf */ = {isa = PBXFileReference; lastKnownFileType = file; path = "Silkscreen-Regular.ttf"; sourceTree = "<group>"; };
		E1BDEB722BD4F5CE004E0921 /* MainGridView.swift */ = {isa = PBXFileReference; lastKnownFileType = sourcecode.swift; path = MainGridView.swift; sourceTree = "<group>"; };
		E1D43A7A2BD147C700DF5ADB /* PokedexProject.app */ = {isa = PBXFileReference; explicitFileType = wrapper.application; includeInIndex = 0; path = PokedexProject.app; sourceTree = BUILT_PRODUCTS_DIR; };
		E1D43A7D2BD147C700DF5ADB /* PokedexProjectApp.swift */ = {isa = PBXFileReference; lastKnownFileType = sourcecode.swift; path = PokedexProjectApp.swift; sourceTree = "<group>"; };
		E1D43A7F2BD147C700DF5ADB /* EntryView.swift */ = {isa = PBXFileReference; lastKnownFileType = sourcecode.swift; path = EntryView.swift; sourceTree = "<group>"; };
		E1D43A812BD147C800DF5ADB /* Assets.xcassets */ = {isa = PBXFileReference; lastKnownFileType = folder.assetcatalog; path = Assets.xcassets; sourceTree = "<group>"; };
		E1D43A842BD147C800DF5ADB /* Preview Assets.xcassets */ = {isa = PBXFileReference; lastKnownFileType = folder.assetcatalog; path = "Preview Assets.xcassets"; sourceTree = "<group>"; };
		E1D43A8C2BD1480100DF5ADB /* APIModel.swift */ = {isa = PBXFileReference; lastKnownFileType = sourcecode.swift; path = APIModel.swift; sourceTree = "<group>"; };
		E1D43A902BD1485800DF5ADB /* PokemonDetailView.swift */ = {isa = PBXFileReference; lastKnownFileType = sourcecode.swift; path = PokemonDetailView.swift; sourceTree = "<group>"; };
		E1D43A932BD1487600DF5ADB /* PokemonDetailViewModel.swift */ = {isa = PBXFileReference; lastKnownFileType = sourcecode.swift; path = PokemonDetailViewModel.swift; sourceTree = "<group>"; };
		E1D43A962BD1495200DF5ADB /* EntryViewModel.swift */ = {isa = PBXFileReference; lastKnownFileType = sourcecode.swift; path = EntryViewModel.swift; sourceTree = "<group>"; };
		E1D43A982BD157DE00DF5ADB /* Singletones.swift */ = {isa = PBXFileReference; lastKnownFileType = sourcecode.swift; path = Singletones.swift; sourceTree = "<group>"; };
/* End PBXFileReference section */

/* Begin PBXFrameworksBuildPhase section */
		E1D43A772BD147C700DF5ADB /* Frameworks */ = {
			isa = PBXFrameworksBuildPhase;
			buildActionMask = 2147483647;
			files = (
				8327346A2BDE1A9900E48303 /* OggDecoder in Frameworks */,
			);
			runOnlyForDeploymentPostprocessing = 0;
		};
/* End PBXFrameworksBuildPhase section */

/* Begin PBXGroup section */
		8327344B2BDE0DB100E48303 /* Network */ = {
			isa = PBXGroup;
			children = (
				8327346B2BDE1BC700E48303 /* UseCase */,
				832734652BDE198100E48303 /* Impl */,
				832734512BDE0E2600E48303 /* Model */,
				8327344C2BDE0DC100E48303 /* Protocols */,
			);
			path = Network;
			sourceTree = "<group>";
		};
		8327344C2BDE0DC100E48303 /* Protocols */ = {
			isa = PBXGroup;
			children = (
				8327344D2BDE0DCC00E48303 /* APIService.swift */,
				8327344F2BDE0E0200E48303 /* Requestable.swift */,
				832734592BDE125500E48303 /* Responsable.swift */,
			);
			path = Protocols;
			sourceTree = "<group>";
		};
		832734512BDE0E2600E48303 /* Model */ = {
			isa = PBXGroup;
			children = (
				832734522BDE0E5700E48303 /* MIMEType.swift */,
				832734542BDE0F7000E48303 /* HttpHeader.swift */,
				832734562BDE109A00E48303 /* HttpMethod.swift */,
				8327345B2BDE139A00E48303 /* HttpError.swift */,
				8327346E2BDE1CAB00E48303 /* Endpoint.swift */,
			);
			path = Model;
			sourceTree = "<group>";
		};
		832734652BDE198100E48303 /* Impl */ = {
			isa = PBXGroup;
			children = (
				832734662BDE19A200E48303 /* PokemonAPIService.swift */,
				830D725B2BF3B9CB00D04E1E /* PokemonAPIServiceEnvironmentKey.swift */,
			);
			path = Impl;
			sourceTree = "<group>";
		};
		832734682BDE1A9900E48303 /* Frameworks */ = {
			isa = PBXGroup;
			children = (
			);
			name = Frameworks;
			sourceTree = "<group>";
		};
		8327346B2BDE1BC700E48303 /* UseCase */ = {
			isa = PBXGroup;
			children = (
				8327346C2BDE1BED00E48303 /* EntryUseCase.swift */,
				832734702BDE308E00E48303 /* PokemonDataUseCase.swift */,
			);
			path = UseCase;
			sourceTree = "<group>";
		};
		E15B901F2BE654D80037FC7C /* FavoriteView */ = {
			isa = PBXGroup;
			children = (
				E15B90202BE654F70037FC7C /* FavoriteView.swift */,
			);
			path = FavoriteView;
			sourceTree = "<group>";
		};
		E16ACA0B2BD7F6FB00F9A1BC /* Accessory */ = {
			isa = PBXGroup;
			children = (
				E16ACA0E2BD7FCD400F9A1BC /* Comments */,
				E16ACA0C2BD7F70800F9A1BC /* Extensions.swift */,
				E1A622262BDD44E40086648D /* GlobalFunction.swift */,
			);
			path = Accessory;
			sourceTree = "<group>";
		};
		E17DCB722BDBE57E00236BD6 /* ExtraView */ = {
			isa = PBXGroup;
			children = (
				E17DCB732BDBE5AC00236BD6 /* ExtraViewList.swift */,
				E17DCB752BDBEB9A00236BD6 /* GitHubView.swift */,
			);
			path = ExtraView;
			sourceTree = "<group>";
		};
		E1A622212BDD379E0086648D /* SearchView */ = {
			isa = PBXGroup;
			children = (
				E1A622282BDD55920086648D /* SearchViewModel.swift */,
				E1A622222BDD37C90086648D /* SearchView.swift */,
				E1A622242BDD41E20086648D /* SearchViewCell.swift */,
			);
			path = SearchView;
			sourceTree = "<group>";
		};
		E1BDEB6F2BD4F04D004E0921 /* Fonts */ = {
			isa = PBXGroup;
			children = (
				E1BDEB702BD4F185004E0921 /* Silkscreen-Regular.ttf */,
			);
			path = Fonts;
			sourceTree = "<group>";
		};
		E1D43A712BD147C700DF5ADB = {
			isa = PBXGroup;
			children = (
				E1BDEB6F2BD4F04D004E0921 /* Fonts */,
				E1D43A7C2BD147C700DF5ADB /* PokedexProject */,
				E1D43A7B2BD147C700DF5ADB /* Products */,
				832734682BDE1A9900E48303 /* Frameworks */,
			);
			sourceTree = "<group>";
		};
		E1D43A7B2BD147C700DF5ADB /* Products */ = {
			isa = PBXGroup;
			children = (
				E1D43A7A2BD147C700DF5ADB /* PokedexProject.app */,
			);
			name = Products;
			sourceTree = "<group>";
		};
		E1D43A7C2BD147C700DF5ADB /* PokedexProject */ = {
			isa = PBXGroup;
			children = (
				E1BDEB6E2BD4EE44004E0921 /* Info.plist */,
				E16ACA0B2BD7F6FB00F9A1BC /* Accessory */,
				E1D43A8E2BD1481400DF5ADB /* View */,
				E1D43A8B2BD147F300DF5ADB /* Models */,
				8327344B2BDE0DB100E48303 /* Network */,
				E1D43A7D2BD147C700DF5ADB /* PokedexProjectApp.swift */,
				E1D43A982BD157DE00DF5ADB /* Singletones.swift */,
				E1D43A812BD147C800DF5ADB /* Assets.xcassets */,
				E1D43A832BD147C800DF5ADB /* Preview Content */,
			);
			path = PokedexProject;
			sourceTree = "<group>";
		};
		E1D43A832BD147C800DF5ADB /* Preview Content */ = {
			isa = PBXGroup;
			children = (
				E1D43A842BD147C800DF5ADB /* Preview Assets.xcassets */,
			);
			path = "Preview Content";
			sourceTree = "<group>";
		};
		E1D43A8B2BD147F300DF5ADB /* Models */ = {
			isa = PBXGroup;
			children = (
				E15B90222BE656130037FC7C /* FavoriteModel.swift */,
				E1D43A8C2BD1480100DF5ADB /* APIModel.swift */,
				8386645C2BD813DB00DA3D37 /* Locale.swift */,
				E118322A2BDE07CC00764E55 /* PokemonLocalNameModel.swift */,
				E11832282BDE070C00764E55 /* pokemonLocalNames.json */,
			);
			path = Models;
			sourceTree = "<group>";
		};
		E1D43A8E2BD1481400DF5ADB /* View */ = {
			isa = PBXGroup;
			children = (
				E1BDEB722BD4F5CE004E0921 /* MainGridView.swift */,
				E17DCB702BDBE0D500236BD6 /* MainView.swift */,
				E15B901F2BE654D80037FC7C /* FavoriteView */,
				E1D43A952BD1493F00DF5ADB /* EntryView */,
				E1D43A8F2BD1484600DF5ADB /* DetailView */,
				E17DCB722BDBE57E00236BD6 /* ExtraView */,
				E1A622212BDD379E0086648D /* SearchView */,
			);
			path = View;
			sourceTree = "<group>";
		};
		E1D43A8F2BD1484600DF5ADB /* DetailView */ = {
			isa = PBXGroup;
			children = (
				E1D43A932BD1487600DF5ADB /* PokemonDetailViewModel.swift */,
				E1BDEB642BD35CA1004E0921 /* PokemonDetailGraphView.swift */,
				E10EE6A12BD258F700022EE7 /* PokemonSpriteView.swift */,
				E1A7B3C82BD67E34001D914B /* PokemonDetailOverviewView.swift */,
				E1A7B3C62BD6468F001D914B /* PokemonMoveModalView.swift */,
				E1666AF22BDFB6BF00D5EEFA /* PokemonDetailFlavorTextView.swift */,
				E1666AF42BDFD38600D5EEFA /* PokemonFlavorTextSheetView.swift */,
				E118322C2BDE2E7600764E55 /* PokemonMoveView.swift */,
				E1D43A902BD1485800DF5ADB /* PokemonDetailView.swift */,
			);
			path = DetailView;
			sourceTree = "<group>";
		};
		E1D43A952BD1493F00DF5ADB /* EntryView */ = {
			isa = PBXGroup;
			children = (
				E1D43A962BD1495200DF5ADB /* EntryViewModel.swift */,
				E1D43A7F2BD147C700DF5ADB /* EntryView.swift */,
				E1BDEB662BD3F741004E0921 /* EntryViewCell.swift */,
				832734762BDEB6A800E48303 /* PokemonPortraitDispatcher.swift */,
			);
			path = EntryView;
			sourceTree = "<group>";
		};
/* End PBXGroup section */

/* Begin PBXNativeTarget section */
		E1D43A792BD147C700DF5ADB /* PokedexProject */ = {
			isa = PBXNativeTarget;
			buildConfigurationList = E1D43A882BD147C800DF5ADB /* Build configuration list for PBXNativeTarget "PokedexProject" */;
			buildPhases = (
				E1D43A762BD147C700DF5ADB /* Sources */,
				E1D43A772BD147C700DF5ADB /* Frameworks */,
				E1D43A782BD147C700DF5ADB /* Resources */,
			);
			buildRules = (
			);
			dependencies = (
			);
			name = PokedexProject;
			packageProductDependencies = (
				832734692BDE1A9900E48303 /* OggDecoder */,
			);
			productName = PokedexProject;
			productReference = E1D43A7A2BD147C700DF5ADB /* PokedexProject.app */;
			productType = "com.apple.product-type.application";
		};
/* End PBXNativeTarget section */

/* Begin PBXProject section */
		E1D43A722BD147C700DF5ADB /* Project object */ = {
			isa = PBXProject;
			attributes = {
				BuildIndependentTargetsInParallel = 1;
				LastSwiftUpdateCheck = 1530;
				LastUpgradeCheck = 1530;
				TargetAttributes = {
					E1D43A792BD147C700DF5ADB = {
						CreatedOnToolsVersion = 15.3;
					};
				};
			};
			buildConfigurationList = E1D43A752BD147C700DF5ADB /* Build configuration list for PBXProject "PokedexProject" */;
			compatibilityVersion = "Xcode 14.0";
			developmentRegion = en;
			hasScannedForEncodings = 0;
			knownRegions = (
				en,
				Base,
			);
			mainGroup = E1D43A712BD147C700DF5ADB;
			packageReferences = (
				E10EE69E2BD1FE7B00022EE7 /* XCRemoteSwiftPackageReference "OggDecoder" */,
			);
			productRefGroup = E1D43A7B2BD147C700DF5ADB /* Products */;
			projectDirPath = "";
			projectRoot = "";
			targets = (
				E1D43A792BD147C700DF5ADB /* PokedexProject */,
			);
		};
/* End PBXProject section */

/* Begin PBXResourcesBuildPhase section */
		E1D43A782BD147C700DF5ADB /* Resources */ = {
			isa = PBXResourcesBuildPhase;
			buildActionMask = 2147483647;
			files = (
				E1BDEB712BD4F185004E0921 /* Silkscreen-Regular.ttf in Resources */,
				E1D43A852BD147C800DF5ADB /* Preview Assets.xcassets in Resources */,
				E11832292BDE070C00764E55 /* pokemonLocalNames.json in Resources */,
				E1D43A822BD147C800DF5ADB /* Assets.xcassets in Resources */,
			);
			runOnlyForDeploymentPostprocessing = 0;
		};
/* End PBXResourcesBuildPhase section */

/* Begin PBXSourcesBuildPhase section */
		E1D43A762BD147C700DF5ADB /* Sources */ = {
			isa = PBXSourcesBuildPhase;
			buildActionMask = 2147483647;
			files = (
				E1A622292BDD55920086648D /* SearchViewModel.swift in Sources */,
				E1D43A802BD147C700DF5ADB /* EntryView.swift in Sources */,
				E1666AF52BDFD38600D5EEFA /* PokemonFlavorTextSheetView.swift in Sources */,
				E1A622232BDD37C90086648D /* SearchView.swift in Sources */,
				E118322D2BDE2E7600764E55 /* PokemonMoveView.swift in Sources */,
				E17DCB742BDBE5AC00236BD6 /* ExtraViewList.swift in Sources */,
				E1D43A912BD1485800DF5ADB /* PokemonDetailView.swift in Sources */,
				E1D43A8D2BD1480100DF5ADB /* APIModel.swift in Sources */,
				E1D43A992BD157DE00DF5ADB /* Singletones.swift in Sources */,
				E1D43A972BD1495200DF5ADB /* EntryViewModel.swift in Sources */,
				8327346D2BDE1BED00E48303 /* EntryUseCase.swift in Sources */,
				832734552BDE0F7000E48303 /* HttpHeader.swift in Sources */,
				8386645D2BD813DB00DA3D37 /* Locale.swift in Sources */,
				832734502BDE0E0200E48303 /* Requestable.swift in Sources */,
				832734532BDE0E5700E48303 /* MIMEType.swift in Sources */,
				E1A7B3C72BD6468F001D914B /* PokemonMoveModalView.swift in Sources */,
				E1BDEB732BD4F5CE004E0921 /* MainGridView.swift in Sources */,
				8327345A2BDE125500E48303 /* Responsable.swift in Sources */,
				832734672BDE19A200E48303 /* PokemonAPIService.swift in Sources */,
				832734712BDE308E00E48303 /* PokemonDataUseCase.swift in Sources */,
				E17DCB762BDBEB9A00236BD6 /* GitHubView.swift in Sources */,
				E10EE6A22BD258F700022EE7 /* PokemonSpriteView.swift in Sources */,
				E17DCB712BDBE0D500236BD6 /* MainView.swift in Sources */,
				E118322B2BDE07CC00764E55 /* PokemonLocalNameModel.swift in Sources */,
				E1BDEB652BD35CA1004E0921 /* PokemonDetailGraphView.swift in Sources */,
				8327345C2BDE139A00E48303 /* HttpError.swift in Sources */,
				E1A7B3C92BD67E34001D914B /* PokemonDetailOverviewView.swift in Sources */,
				E1D43A942BD1487600DF5ADB /* PokemonDetailViewModel.swift in Sources */,
				E1A622272BDD44E40086648D /* GlobalFunction.swift in Sources */,
				8327344E2BDE0DCC00E48303 /* APIService.swift in Sources */,
				832734572BDE109A00E48303 /* HttpMethod.swift in Sources */,
				E15B90232BE656130037FC7C /* FavoriteModel.swift in Sources */,
				E1A622252BDD41E20086648D /* SearchViewCell.swift in Sources */,
				E1D43A7E2BD147C700DF5ADB /* PokedexProjectApp.swift in Sources */,
				E1BDEB672BD3F741004E0921 /* EntryViewCell.swift in Sources */,
				E15B90212BE654F70037FC7C /* FavoriteView.swift in Sources */,
				8327346F2BDE1CAB00E48303 /* Endpoint.swift in Sources */,
				830D725C2BF3B9CB00D04E1E /* PokemonAPIServiceEnvironmentKey.swift in Sources */,
				E16ACA0D2BD7F70800F9A1BC /* Extensions.swift in Sources */,
				832734772BDEB6A800E48303 /* PokemonPortraitDispatcher.swift in Sources */,
				E1666AF32BDFB6BF00D5EEFA /* PokemonDetailFlavorTextView.swift in Sources */,
			);
			runOnlyForDeploymentPostprocessing = 0;
		};
/* End PBXSourcesBuildPhase section */

/* Begin XCBuildConfiguration section */
		E1D43A862BD147C800DF5ADB /* Debug */ = {
			isa = XCBuildConfiguration;
			buildSettings = {
				ALWAYS_SEARCH_USER_PATHS = NO;
				ASSETCATALOG_COMPILER_GENERATE_SWIFT_ASSET_SYMBOL_EXTENSIONS = YES;
				CLANG_ANALYZER_NONNULL = YES;
				CLANG_ANALYZER_NUMBER_OBJECT_CONVERSION = YES_AGGRESSIVE;
				CLANG_CXX_LANGUAGE_STANDARD = "gnu++20";
				CLANG_ENABLE_MODULES = YES;
				CLANG_ENABLE_OBJC_ARC = YES;
				CLANG_ENABLE_OBJC_WEAK = YES;
				CLANG_WARN_BLOCK_CAPTURE_AUTORELEASING = YES;
				CLANG_WARN_BOOL_CONVERSION = YES;
				CLANG_WARN_COMMA = YES;
				CLANG_WARN_CONSTANT_CONVERSION = YES;
				CLANG_WARN_DEPRECATED_OBJC_IMPLEMENTATIONS = YES;
				CLANG_WARN_DIRECT_OBJC_ISA_USAGE = YES_ERROR;
				CLANG_WARN_DOCUMENTATION_COMMENTS = YES;
				CLANG_WARN_EMPTY_BODY = YES;
				CLANG_WARN_ENUM_CONVERSION = YES;
				CLANG_WARN_INFINITE_RECURSION = YES;
				CLANG_WARN_INT_CONVERSION = YES;
				CLANG_WARN_NON_LITERAL_NULL_CONVERSION = YES;
				CLANG_WARN_OBJC_IMPLICIT_RETAIN_SELF = YES;
				CLANG_WARN_OBJC_LITERAL_CONVERSION = YES;
				CLANG_WARN_OBJC_ROOT_CLASS = YES_ERROR;
				CLANG_WARN_QUOTED_INCLUDE_IN_FRAMEWORK_HEADER = YES;
				CLANG_WARN_RANGE_LOOP_ANALYSIS = YES;
				CLANG_WARN_STRICT_PROTOTYPES = YES;
				CLANG_WARN_SUSPICIOUS_MOVE = YES;
				CLANG_WARN_UNGUARDED_AVAILABILITY = YES_AGGRESSIVE;
				CLANG_WARN_UNREACHABLE_CODE = YES;
				CLANG_WARN__DUPLICATE_METHOD_MATCH = YES;
				COPY_PHASE_STRIP = NO;
				DEBUG_INFORMATION_FORMAT = dwarf;
				ENABLE_STRICT_OBJC_MSGSEND = YES;
				ENABLE_TESTABILITY = YES;
				ENABLE_USER_SCRIPT_SANDBOXING = YES;
				GCC_C_LANGUAGE_STANDARD = gnu17;
				GCC_DYNAMIC_NO_PIC = NO;
				GCC_NO_COMMON_BLOCKS = YES;
				GCC_OPTIMIZATION_LEVEL = 0;
				GCC_PREPROCESSOR_DEFINITIONS = (
					"DEBUG=1",
					"$(inherited)",
				);
				GCC_WARN_64_TO_32_BIT_CONVERSION = YES;
				GCC_WARN_ABOUT_RETURN_TYPE = YES_ERROR;
				GCC_WARN_UNDECLARED_SELECTOR = YES;
				GCC_WARN_UNINITIALIZED_AUTOS = YES_AGGRESSIVE;
				GCC_WARN_UNUSED_FUNCTION = YES;
				GCC_WARN_UNUSED_VARIABLE = YES;
				IPHONEOS_DEPLOYMENT_TARGET = 17.0;
				LOCALIZATION_PREFERS_STRING_CATALOGS = YES;
				MTL_ENABLE_DEBUG_INFO = INCLUDE_SOURCE;
				MTL_FAST_MATH = YES;
				ONLY_ACTIVE_ARCH = YES;
				SDKROOT = iphoneos;
				SWIFT_ACTIVE_COMPILATION_CONDITIONS = "DEBUG $(inherited)";
				SWIFT_OPTIMIZATION_LEVEL = "-Onone";
			};
			name = Debug;
		};
		E1D43A872BD147C800DF5ADB /* Release */ = {
			isa = XCBuildConfiguration;
			buildSettings = {
				ALWAYS_SEARCH_USER_PATHS = NO;
				ASSETCATALOG_COMPILER_GENERATE_SWIFT_ASSET_SYMBOL_EXTENSIONS = YES;
				CLANG_ANALYZER_NONNULL = YES;
				CLANG_ANALYZER_NUMBER_OBJECT_CONVERSION = YES_AGGRESSIVE;
				CLANG_CXX_LANGUAGE_STANDARD = "gnu++20";
				CLANG_ENABLE_MODULES = YES;
				CLANG_ENABLE_OBJC_ARC = YES;
				CLANG_ENABLE_OBJC_WEAK = YES;
				CLANG_WARN_BLOCK_CAPTURE_AUTORELEASING = YES;
				CLANG_WARN_BOOL_CONVERSION = YES;
				CLANG_WARN_COMMA = YES;
				CLANG_WARN_CONSTANT_CONVERSION = YES;
				CLANG_WARN_DEPRECATED_OBJC_IMPLEMENTATIONS = YES;
				CLANG_WARN_DIRECT_OBJC_ISA_USAGE = YES_ERROR;
				CLANG_WARN_DOCUMENTATION_COMMENTS = YES;
				CLANG_WARN_EMPTY_BODY = YES;
				CLANG_WARN_ENUM_CONVERSION = YES;
				CLANG_WARN_INFINITE_RECURSION = YES;
				CLANG_WARN_INT_CONVERSION = YES;
				CLANG_WARN_NON_LITERAL_NULL_CONVERSION = YES;
				CLANG_WARN_OBJC_IMPLICIT_RETAIN_SELF = YES;
				CLANG_WARN_OBJC_LITERAL_CONVERSION = YES;
				CLANG_WARN_OBJC_ROOT_CLASS = YES_ERROR;
				CLANG_WARN_QUOTED_INCLUDE_IN_FRAMEWORK_HEADER = YES;
				CLANG_WARN_RANGE_LOOP_ANALYSIS = YES;
				CLANG_WARN_STRICT_PROTOTYPES = YES;
				CLANG_WARN_SUSPICIOUS_MOVE = YES;
				CLANG_WARN_UNGUARDED_AVAILABILITY = YES_AGGRESSIVE;
				CLANG_WARN_UNREACHABLE_CODE = YES;
				CLANG_WARN__DUPLICATE_METHOD_MATCH = YES;
				COPY_PHASE_STRIP = NO;
				DEBUG_INFORMATION_FORMAT = "dwarf-with-dsym";
				ENABLE_NS_ASSERTIONS = NO;
				ENABLE_STRICT_OBJC_MSGSEND = YES;
				ENABLE_USER_SCRIPT_SANDBOXING = YES;
				GCC_C_LANGUAGE_STANDARD = gnu17;
				GCC_NO_COMMON_BLOCKS = YES;
				GCC_WARN_64_TO_32_BIT_CONVERSION = YES;
				GCC_WARN_ABOUT_RETURN_TYPE = YES_ERROR;
				GCC_WARN_UNDECLARED_SELECTOR = YES;
				GCC_WARN_UNINITIALIZED_AUTOS = YES_AGGRESSIVE;
				GCC_WARN_UNUSED_FUNCTION = YES;
				GCC_WARN_UNUSED_VARIABLE = YES;
				IPHONEOS_DEPLOYMENT_TARGET = 17.0;
				LOCALIZATION_PREFERS_STRING_CATALOGS = YES;
				MTL_ENABLE_DEBUG_INFO = NO;
				MTL_FAST_MATH = YES;
				SDKROOT = iphoneos;
				SWIFT_COMPILATION_MODE = wholemodule;
				VALIDATE_PRODUCT = YES;
			};
			name = Release;
		};
		E1D43A892BD147C800DF5ADB /* Debug */ = {
			isa = XCBuildConfiguration;
			buildSettings = {
				ASSETCATALOG_COMPILER_APPICON_NAME = AppIcon;
				ASSETCATALOG_COMPILER_GLOBAL_ACCENT_COLOR_NAME = AccentColor;
				CODE_SIGN_STYLE = Automatic;
				CURRENT_PROJECT_VERSION = 5;
				DEVELOPMENT_ASSET_PATHS = "\"PokedexProject/Preview Content\"";
				DEVELOPMENT_TEAM = 8AN6CGLLC6;
				ENABLE_PREVIEWS = YES;
				GENERATE_INFOPLIST_FILE = YES;
				INFOPLIST_FILE = PokedexProject/Info.plist;
				INFOPLIST_KEY_LSApplicationCategoryType = "";
				INFOPLIST_KEY_UIApplicationSceneManifest_Generation = YES;
				INFOPLIST_KEY_UIApplicationSupportsIndirectInputEvents = YES;
				INFOPLIST_KEY_UILaunchScreen_Generation = YES;
				INFOPLIST_KEY_UISupportedInterfaceOrientations = UIInterfaceOrientationPortrait;
				INFOPLIST_KEY_UISupportedInterfaceOrientations_iPad = "UIInterfaceOrientationLandscapeLeft UIInterfaceOrientationLandscapeRight UIInterfaceOrientationPortrait UIInterfaceOrientationPortraitUpsideDown";
				IPHONEOS_DEPLOYMENT_TARGET = 17.0;
				LD_RUNPATH_SEARCH_PATHS = (
					"$(inherited)",
					"@executable_path/Frameworks",
				);
				MARKETING_VERSION = 1.0;
				PRODUCT_BUNDLE_IDENTIFIER = com.minyoo.pokeApp.PokedexProject;
				PRODUCT_NAME = "$(TARGET_NAME)";
				SUPPORTED_PLATFORMS = "iphoneos iphonesimulator";
				SUPPORTS_MACCATALYST = NO;
				SUPPORTS_MAC_DESIGNED_FOR_IPHONE_IPAD = NO;
				SUPPORTS_XR_DESIGNED_FOR_IPHONE_IPAD = NO;
				SWIFT_EMIT_LOC_STRINGS = YES;
				SWIFT_VERSION = 5.0;
				TARGETED_DEVICE_FAMILY = 1;
			};
			name = Debug;
		};
		E1D43A8A2BD147C800DF5ADB /* Release */ = {
			isa = XCBuildConfiguration;
			buildSettings = {
				ASSETCATALOG_COMPILER_APPICON_NAME = AppIcon;
				ASSETCATALOG_COMPILER_GLOBAL_ACCENT_COLOR_NAME = AccentColor;
				CODE_SIGN_STYLE = Automatic;
				CURRENT_PROJECT_VERSION = 5;
				DEVELOPMENT_ASSET_PATHS = "\"PokedexProject/Preview Content\"";
				DEVELOPMENT_TEAM = 8AN6CGLLC6;
				ENABLE_PREVIEWS = YES;
				GENERATE_INFOPLIST_FILE = YES;
				INFOPLIST_FILE = PokedexProject/Info.plist;
				INFOPLIST_KEY_LSApplicationCategoryType = "";
				INFOPLIST_KEY_UIApplicationSceneManifest_Generation = YES;
				INFOPLIST_KEY_UIApplicationSupportsIndirectInputEvents = YES;
				INFOPLIST_KEY_UILaunchScreen_Generation = YES;
				INFOPLIST_KEY_UISupportedInterfaceOrientations = UIInterfaceOrientationPortrait;
				INFOPLIST_KEY_UISupportedInterfaceOrientations_iPad = "UIInterfaceOrientationLandscapeLeft UIInterfaceOrientationLandscapeRight UIInterfaceOrientationPortrait UIInterfaceOrientationPortraitUpsideDown";
				IPHONEOS_DEPLOYMENT_TARGET = 17.0;
				LD_RUNPATH_SEARCH_PATHS = (
					"$(inherited)",
					"@executable_path/Frameworks",
				);
				MARKETING_VERSION = 1.0;
				PRODUCT_BUNDLE_IDENTIFIER = com.minyoo.pokeApp.PokedexProject;
				PRODUCT_NAME = "$(TARGET_NAME)";
				SUPPORTED_PLATFORMS = "iphoneos iphonesimulator";
				SUPPORTS_MACCATALYST = NO;
				SUPPORTS_MAC_DESIGNED_FOR_IPHONE_IPAD = NO;
				SUPPORTS_XR_DESIGNED_FOR_IPHONE_IPAD = NO;
				SWIFT_EMIT_LOC_STRINGS = YES;
				SWIFT_VERSION = 5.0;
				TARGETED_DEVICE_FAMILY = 1;
			};
			name = Release;
		};
/* End XCBuildConfiguration section */

/* Begin XCConfigurationList section */
		E1D43A752BD147C700DF5ADB /* Build configuration list for PBXProject "PokedexProject" */ = {
			isa = XCConfigurationList;
			buildConfigurations = (
				E1D43A862BD147C800DF5ADB /* Debug */,
				E1D43A872BD147C800DF5ADB /* Release */,
			);
			defaultConfigurationIsVisible = 0;
			defaultConfigurationName = Release;
		};
		E1D43A882BD147C800DF5ADB /* Build configuration list for PBXNativeTarget "PokedexProject" */ = {
			isa = XCConfigurationList;
			buildConfigurations = (
				E1D43A892BD147C800DF5ADB /* Debug */,
				E1D43A8A2BD147C800DF5ADB /* Release */,
			);
			defaultConfigurationIsVisible = 0;
			defaultConfigurationName = Release;
		};
/* End XCConfigurationList section */

/* Begin XCRemoteSwiftPackageReference section */
		E10EE69E2BD1FE7B00022EE7 /* XCRemoteSwiftPackageReference "OggDecoder" */ = {
			isa = XCRemoteSwiftPackageReference;
			repositoryURL = "https://github.com/arkasas/OggDecoder.git";
			requirement = {
				branch = main;
				kind = branch;
			};
		};
/* End XCRemoteSwiftPackageReference section */

/* Begin XCSwiftPackageProductDependency section */
		832734692BDE1A9900E48303 /* OggDecoder */ = {
			isa = XCSwiftPackageProductDependency;
			package = E10EE69E2BD1FE7B00022EE7 /* XCRemoteSwiftPackageReference "OggDecoder" */;
			productName = OggDecoder;
		};
/* End XCSwiftPackageProductDependency section */
	};
	rootObject = E1D43A722BD147C700DF5ADB /* Project object */;
}
